{
    "name": "bitsmallorca.com",
    "version": "0.1.0",
    "lockfileVersion": 1,
    "requires": true,
    "dependencies": {
        "jquery": {
            "version": "3.3.1",
            "resolved": "https://registry.npmjs.org/jquery/-/jquery-3.3.1.tgz",
            "integrity": "sha512-Ubldcmxp5np52/ENotGxlLe6aGMvmF4R8S6tZjsP6Knsaxd/xp3Zrh50cG93lR6nPXyUFwzN3ZSOQI0wRJNdGg=="
        },
        "jquery-lazy": {
            "version": "1.7.9",
            "resolved": "https://registry.npmjs.org/jquery-lazy/-/jquery-lazy-1.7.9.tgz",
            "integrity": "sha512-lRzANO9+Z7MBgo+uLOIvhRBMeOJR6a9wVdwhpYH+SWG4Ky9bOjOFGHN+M0vV1vLuRViUJs4msZgz3gTeAY1GWQ==",
            "requires": {
                "jquery": "3.3.1"
            }
        },
        "slick-carousel": {
            "version": "1.8.1",
            "resolved": "https://registry.npmjs.org/slick-carousel/-/slick-carousel-1.8.1.tgz",
            "integrity": "sha512-XB9Ftrf2EEKfzoQXt3Nitrt/IPbT+f1fgqBdoxO3W/+JYvtEOW6EgxnWfr9GH6nmULv7Y2tPmEX3koxThVmebA=="
        }
    }
}
